{
  "version": 4,
  "terraform_version": "1.0.4",
  "serial": 32,
  "lineage": "35a6c6b9-6027-88d7-5f7f-a9f2b7408088",
  "outputs": {},
  "resources": [
    {
      "module": "module.autoscaling_module",
      "mode": "managed",
      "type": "aws_autoscaling_group",
      "name": "sampleapp_asg",
      "provider": "provider[\"registry.terraform.io/hashicorp/aws\"]",
      "instances": [
        {
          "schema_version": 0,
          "attributes": {
            "arn": "arn:aws:autoscaling:ap-south-1:014357505841:autoScalingGroup:14fedb1c-d9fb-46b0-af64-e6ef55428efa:autoScalingGroupName/sampleapp-asg-staging",
            "availability_zones": [
              "ap-south-1b"
            ],
            "capacity_rebalance": false,
            "default_cooldown": 300,
            "desired_capacity": 1,
            "enabled_metrics": [],
            "force_delete": true,
            "force_delete_warm_pool": false,
            "health_check_grace_period": 300,
            "health_check_type": "ELB",
            "id": "sampleapp-asg-staging",
            "initial_lifecycle_hook": [],
            "instance_refresh": [],
            "launch_configuration": "sampleapp-lc-staging",
            "launch_template": [],
            "load_balancers": [],
            "max_instance_lifetime": 0,
            "max_size": 1,
            "metrics_granularity": "1Minute",
            "min_elb_capacity": null,
            "min_size": 1,
            "mixed_instances_policy": [],
            "name": "sampleapp-asg-staging",
            "name_prefix": "",
            "placement_group": "",
            "protect_from_scale_in": false,
            "service_linked_role_arn": "arn:aws:iam::014357505841:role/aws-service-role/autoscaling.amazonaws.com/AWSServiceRoleForAutoScaling",
            "suspended_processes": [],
            "tag": [
              {
                "key": "Environment",
                "propagate_at_launch": true,
                "value": "staging"
              },
              {
                "key": "Name",
                "propagate_at_launch": true,
                "value": "Sampleapp_staging"
              }
            ],
            "tags": null,
            "target_group_arns": [
              "arn:aws:elasticloadbalancing:ap-south-1:014357505841:targetgroup/sampleapp-http-tg-staging/4ef9b2ecd52c63af"
            ],
            "termination_policies": [],
            "timeouts": null,
            "vpc_zone_identifier": [
              "subnet-9ab63fd6"
            ],
            "wait_for_capacity_timeout": "10m",
            "wait_for_elb_capacity": null,
            "warm_pool": []
          },
          "sensitive_attributes": [],
          "private": "eyJlMmJmYjczMC1lY2FhLTExZTYtOGY4OC0zNDM2M2JjN2M0YzAiOnsiZGVsZXRlIjo2MDAwMDAwMDAwMDB9fQ==",
          "dependencies": [
            "module.autoscaling_module.aws_launch_configuration.sampleapp_lc",
            "module.loadbalancer_module.aws_lb_target_group.sampleapp_http_tg"
          ]
        }
      ]
    },
    {
      "module": "module.autoscaling_module",
      "mode": "managed",
      "type": "aws_launch_configuration",
      "name": "sampleapp_lc",
      "provider": "provider[\"registry.terraform.io/hashicorp/aws\"]",
      "instances": [
        {
          "schema_version": 0,
          "attributes": {
            "arn": "arn:aws:autoscaling:ap-south-1:014357505841:launchConfiguration:db62cf18-f1aa-434f-8b65-97cebf5927bc:launchConfigurationName/sampleapp-lc-staging",
            "associate_public_ip_address": false,
            "ebs_block_device": [],
            "ebs_optimized": false,
            "enable_monitoring": true,
            "ephemeral_block_device": [],
            "iam_instance_profile": "",
            "id": "sampleapp-lc-staging",
            "image_id": "ami-04db49c0fb2215364",
            "instance_type": "t2.micro",
            "key_name": "terraform-key",
            "metadata_options": [],
            "name": "sampleapp-lc-staging",
            "name_prefix": "",
            "placement_tenancy": null,
            "root_block_device": [],
            "security_groups": [
              "sg-03e14a4ee13b845d0"
            ],
            "spot_price": "",
            "user_data": "6165a27607234cfec1284f69a0e1472974307cb9",
            "user_data_base64": null,
            "vpc_classic_link_id": "",
            "vpc_classic_link_security_groups": []
          },
          "sensitive_attributes": [],
          "private": "bnVsbA==",
          "dependencies": [
            "module.network_module.aws_security_group.privatesg",
            "module.network_module.aws_security_group.publicsg"
          ]
        }
      ]
    },
    {
      "module": "module.loadbalancer_module",
      "mode": "managed",
      "type": "aws_lb",
      "name": "sampleapp_alb",
      "provider": "provider[\"registry.terraform.io/hashicorp/aws\"]",
      "instances": [
        {
          "schema_version": 0,
          "attributes": {
            "access_logs": [
              {
                "bucket": "",
                "enabled": false,
                "prefix": ""
              }
            ],
            "arn": "arn:aws:elasticloadbalancing:ap-south-1:014357505841:loadbalancer/app/sampleapp-alb-staging/67d3cfd0d6197007",
            "arn_suffix": "app/sampleapp-alb-staging/67d3cfd0d6197007",
            "customer_owned_ipv4_pool": "",
            "dns_name": "sampleapp-alb-staging-236042155.ap-south-1.elb.amazonaws.com",
            "drop_invalid_header_fields": false,
            "enable_cross_zone_load_balancing": null,
            "enable_deletion_protection": true,
            "enable_http2": true,
            "id": "arn:aws:elasticloadbalancing:ap-south-1:014357505841:loadbalancer/app/sampleapp-alb-staging/67d3cfd0d6197007",
            "idle_timeout": 60,
            "internal": false,
            "ip_address_type": "ipv4",
            "load_balancer_type": "application",
            "name": "sampleapp-alb-staging",
            "name_prefix": null,
            "security_groups": [
              "sg-0117144529932ba0b"
            ],
            "subnet_mapping": [
              {
                "allocation_id": "",
                "ipv6_address": "",
                "outpost_id": "",
                "private_ipv4_address": "",
                "subnet_id": "subnet-09d58d61"
              },
              {
                "allocation_id": "",
                "ipv6_address": "",
                "outpost_id": "",
                "private_ipv4_address": "",
                "subnet_id": "subnet-9ab63fd6"
              }
            ],
            "subnets": [
              "subnet-09d58d61",
              "subnet-9ab63fd6"
            ],
            "tags": {
              "Environment": "staging"
            },
            "tags_all": {
              "Environment": "staging"
            },
            "timeouts": null,
            "vpc_id": "vpc-138fbc7b",
            "zone_id": "ZP97RAFLXTNZK"
          },
          "sensitive_attributes": [],
          "private": "eyJlMmJmYjczMC1lY2FhLTExZTYtOGY4OC0zNDM2M2JjN2M0YzAiOnsiY3JlYXRlIjo2MDAwMDAwMDAwMDAsImRlbGV0ZSI6NjAwMDAwMDAwMDAwLCJ1cGRhdGUiOjYwMDAwMDAwMDAwMH19",
          "dependencies": [
            "module.network_module.aws_security_group.publicsg"
          ]
        }
      ]
    },
    {
      "module": "module.loadbalancer_module",
      "mode": "managed",
      "type": "aws_lb_listener",
      "name": "http_listener_80",
      "provider": "provider[\"registry.terraform.io/hashicorp/aws\"]",
      "instances": [
        {
          "schema_version": 0,
          "attributes": {
            "alpn_policy": null,
            "arn": "arn:aws:elasticloadbalancing:ap-south-1:014357505841:listener/app/sampleapp-alb-staging/67d3cfd0d6197007/a32267ac55215e80",
            "certificate_arn": null,
            "default_action": [
              {
                "authenticate_cognito": [],
                "authenticate_oidc": [],
                "fixed_response": [],
                "forward": [],
                "order": 1,
                "redirect": [],
                "target_group_arn": "arn:aws:elasticloadbalancing:ap-south-1:014357505841:targetgroup/sampleapp-http-tg-staging/4ef9b2ecd52c63af",
                "type": "forward"
              }
            ],
            "id": "arn:aws:elasticloadbalancing:ap-south-1:014357505841:listener/app/sampleapp-alb-staging/67d3cfd0d6197007/a32267ac55215e80",
            "load_balancer_arn": "arn:aws:elasticloadbalancing:ap-south-1:014357505841:loadbalancer/app/sampleapp-alb-staging/67d3cfd0d6197007",
            "port": 80,
            "protocol": "HTTP",
            "ssl_policy": "",
            "tags": {},
            "tags_all": {},
            "timeouts": null
          },
          "sensitive_attributes": [],
          "private": "eyJlMmJmYjczMC1lY2FhLTExZTYtOGY4OC0zNDM2M2JjN2M0YzAiOnsicmVhZCI6NjAwMDAwMDAwMDAwfX0=",
          "dependencies": [
            "module.loadbalancer_module.aws_lb.sampleapp_alb",
            "module.loadbalancer_module.aws_lb_target_group.sampleapp_http_tg",
            "module.network_module.aws_security_group.publicsg"
          ]
        }
      ]
    },
    {
      "module": "module.loadbalancer_module",
      "mode": "managed",
      "type": "aws_lb_target_group",
      "name": "sampleapp_http_tg",
      "provider": "provider[\"registry.terraform.io/hashicorp/aws\"]",
      "instances": [
        {
          "schema_version": 0,
          "attributes": {
            "arn": "arn:aws:elasticloadbalancing:ap-south-1:014357505841:targetgroup/sampleapp-http-tg-staging/4ef9b2ecd52c63af",
            "arn_suffix": "targetgroup/sampleapp-http-tg-staging/4ef9b2ecd52c63af",
            "deregistration_delay": 300,
            "health_check": [
              {
                "enabled": true,
                "healthy_threshold": 5,
                "interval": 30,
                "matcher": "200",
                "path": "/",
                "port": "traffic-port",
                "protocol": "HTTP",
                "timeout": 5,
                "unhealthy_threshold": 2
              }
            ],
            "id": "arn:aws:elasticloadbalancing:ap-south-1:014357505841:targetgroup/sampleapp-http-tg-staging/4ef9b2ecd52c63af",
            "lambda_multi_value_headers_enabled": false,
            "load_balancing_algorithm_type": "round_robin",
            "name": "sampleapp-http-tg-staging",
            "name_prefix": null,
            "port": 80,
            "preserve_client_ip": null,
            "protocol": "HTTP",
            "protocol_version": "HTTP1",
            "proxy_protocol_v2": false,
            "slow_start": 0,
            "stickiness": [
              {
                "cookie_duration": 86400,
                "cookie_name": "",
                "enabled": false,
                "type": "lb_cookie"
              }
            ],
            "tags": {},
            "tags_all": {},
            "target_type": "instance",
            "vpc_id": "vpc-138fbc7b"
          },
          "sensitive_attributes": [],
          "private": "bnVsbA=="
        }
      ]
    },
    {
      "module": "module.network_module",
      "mode": "managed",
      "type": "aws_security_group",
      "name": "privatesg",
      "provider": "provider[\"registry.terraform.io/hashicorp/aws\"]",
      "instances": [
        {
          "schema_version": 1,
          "attributes": {
            "arn": "arn:aws:ec2:ap-south-1:014357505841:security-group/sg-03e14a4ee13b845d0",
            "description": "privatesg for EC2 staging",
            "egress": [
              {
                "cidr_blocks": [
                  "0.0.0.0/0"
                ],
                "description": "WEB",
                "from_port": 80,
                "ipv6_cidr_blocks": [],
                "prefix_list_ids": [],
                "protocol": "tcp",
                "security_groups": [],
                "self": false,
                "to_port": 80
              }
            ],
            "id": "sg-03e14a4ee13b845d0",
            "ingress": [
              {
                "cidr_blocks": [],
                "description": "WEB",
                "from_port": 80,
                "ipv6_cidr_blocks": [],
                "prefix_list_ids": [],
                "protocol": "tcp",
                "security_groups": [
                  "sg-0117144529932ba0b"
                ],
                "self": false,
                "to_port": 80
              }
            ],
            "name": "privatesg_staging",
            "name_prefix": "",
            "owner_id": "014357505841",
            "revoke_rules_on_delete": false,
            "tags": {},
            "tags_all": {},
            "timeouts": null,
            "vpc_id": "vpc-138fbc7b"
          },
          "sensitive_attributes": [],
          "private": "eyJlMmJmYjczMC1lY2FhLTExZTYtOGY4OC0zNDM2M2JjN2M0YzAiOnsiY3JlYXRlIjo2MDAwMDAwMDAwMDAsImRlbGV0ZSI6OTAwMDAwMDAwMDAwfSwic2NoZW1hX3ZlcnNpb24iOiIxIn0=",
          "dependencies": [
            "module.network_module.aws_security_group.publicsg"
          ]
        }
      ]
    },
    {
      "module": "module.network_module",
      "mode": "managed",
      "type": "aws_security_group",
      "name": "publicsg",
      "provider": "provider[\"registry.terraform.io/hashicorp/aws\"]",
      "instances": [
        {
          "schema_version": 1,
          "attributes": {
            "arn": "arn:aws:ec2:ap-south-1:014357505841:security-group/sg-0117144529932ba0b",
            "description": "publicsg for ELB staging",
            "egress": [
              {
                "cidr_blocks": [
                  "0.0.0.0/0"
                ],
                "description": "WEB",
                "from_port": 80,
                "ipv6_cidr_blocks": [],
                "prefix_list_ids": [],
                "protocol": "tcp",
                "security_groups": [],
                "self": false,
                "to_port": 80
              }
            ],
            "id": "sg-0117144529932ba0b",
            "ingress": [
              {
                "cidr_blocks": [
                  "0.0.0.0/0"
                ],
                "description": "WEB",
                "from_port": 80,
                "ipv6_cidr_blocks": [],
                "prefix_list_ids": [],
                "protocol": "tcp",
                "security_groups": [],
                "self": false,
                "to_port": 80
              }
            ],
            "name": "publicsg_staging",
            "name_prefix": "",
            "owner_id": "014357505841",
            "revoke_rules_on_delete": false,
            "tags": {},
            "tags_all": {},
            "timeouts": null,
            "vpc_id": "vpc-138fbc7b"
          },
          "sensitive_attributes": [],
          "private": "eyJlMmJmYjczMC1lY2FhLTExZTYtOGY4OC0zNDM2M2JjN2M0YzAiOnsiY3JlYXRlIjo2MDAwMDAwMDAwMDAsImRlbGV0ZSI6OTAwMDAwMDAwMDAwfSwic2NoZW1hX3ZlcnNpb24iOiIxIn0="
        }
      ]
    }
  ]
}
