{
  "version": 4,
  "terraform_version": "1.0.4",
  "serial": 5,
  "lineage": "f79ce2e2-4087-5128-e4b0-c65db23ae51e",
  "outputs": {},
  "resources": [
    {
      "mode": "managed",
      "type": "aws_key_pair",
      "name": "terraform-aws",
      "provider": "provider[\"registry.terraform.io/hashicorp/aws\"]",
      "instances": [
        {
          "schema_version": 1,
          "attributes": {
            "arn": "arn:aws:ec2:ap-south-1:014357505841:key-pair/terraform-key",
            "fingerprint": "9a:71:cb:d4:5f:40:72:e6:63:96:84:20:ce:0c:af:a8",
            "id": "terraform-key",
            "key_name": "terraform-key",
            "key_name_prefix": null,
            "key_pair_id": "key-04a6608ecfa78a5c4",
            "public_key": "ssh-rsa AAAAB3NzaC1yc2EAAAADAQABAAABgQC1Z3VqX1ltmfT8OSYqC+brVNJogk8I0xv990oZ/t82pzo2QUOu5HU7TumpXFc2ICtWG42aiy4XUJfYAZhHcmT+ylXo/sYdY08ZnZiKsfzn40LfaLHZQdaD3xUVcCgwVciI+kWrOrRXPYMEXX/vIEEhMjuKoI9lXGXtj8EPV5jVn83FFpQCoPGhOZgGu9cAxpHGtX9VYnv2oK4rJdx0K3uXHefSA0B+hu6Dfx9KITYTGxRPVBVe0KVKnGClivYVJqj1FBxIxrLoOMpPsKDW4128Ucj0xh3GFgOyT2EFbjFQSwIh8Mh9cnyIjyn2ZY+CAT9stDntzOw2i9dCESCCkDxHeSE3agwwEnRLWM/SaNarWvxoT2J4rTP3yYMHkpq6jyPwz2cEoHh6xDm9dsEuqFna7kHVYkCmgNpLlhXFjCL6zYLz+7PNvgRDvltnCt0bvROX68HlEk4TjE3wl0a1esXMmGsN8N18PwLoTr9tQzK61X1S4kfCxDv8KzM6/YK8KCc= yaseen@DarkRose",
            "tags": {},
            "tags_all": {}
          },
          "sensitive_attributes": [],
          "private": "eyJzY2hlbWFfdmVyc2lvbiI6IjEifQ=="
        }
      ]
    },
    {
      "mode": "managed",
      "type": "aws_security_group",
      "name": "terraform-ec2-sg",
      "provider": "provider[\"registry.terraform.io/hashicorp/aws\"]",
      "instances": [
        {
          "schema_version": 1,
          "attributes": {
            "arn": "arn:aws:ec2:ap-south-1:014357505841:security-group/sg-0a3797bf6e27a6aa5",
            "description": "Terraform-SG",
            "egress": [
              {
                "cidr_blocks": [
                  "0.0.0.0/0"
                ],
                "description": "ssh",
                "from_port": 22,
                "ipv6_cidr_blocks": [],
                "prefix_list_ids": [],
                "protocol": "tcp",
                "security_groups": [],
                "self": false,
                "to_port": 22
              }
            ],
            "id": "sg-0a3797bf6e27a6aa5",
            "ingress": [
              {
                "cidr_blocks": [
                  "0.0.0.0/0"
                ],
                "description": "SSH",
                "from_port": 22,
                "ipv6_cidr_blocks": [],
                "prefix_list_ids": [],
                "protocol": "tcp",
                "security_groups": [],
                "self": false,
                "to_port": 22
              }
            ],
            "name": "terraform-ec2-sg",
            "name_prefix": "",
            "owner_id": "014357505841",
            "revoke_rules_on_delete": false,
            "tags": {},
            "tags_all": {},
            "timeouts": null,
            "vpc_id": "vpc-138fbc7b"
          },
          "sensitive_attributes": [],
          "private": "eyJlMmJmYjczMC1lY2FhLTExZTYtOGY4OC0zNDM2M2JjN2M0YzAiOnsiY3JlYXRlIjo2MDAwMDAwMDAwMDAsImRlbGV0ZSI6OTAwMDAwMDAwMDAwfSwic2NoZW1hX3ZlcnNpb24iOiIxIn0="
        }
      ]
    }
  ]
}
