{
  "version": 4,
  "terraform_version": "1.0.4",
  "serial": 7,
  "lineage": "f79ce2e2-4087-5128-e4b0-c65db23ae51e",
  "outputs": {},
  "resources": [
    {
      "mode": "managed",
      "type": "aws_instance",
      "name": "terraform-ec2-instance",
      "provider": "provider[\"registry.terraform.io/hashicorp/aws\"]",
      "instances": [
        {
          "schema_version": 1,
          "attributes": {
            "ami": "ami-04db49c0fb2215364",
            "arn": "arn:aws:ec2:ap-south-1:014357505841:instance/i-0e7ad64d29c7b7957",
            "associate_public_ip_address": true,
            "availability_zone": "ap-south-1a",
            "capacity_reservation_specification": [
              {
                "capacity_reservation_preference": "open",
                "capacity_reservation_target": []
              }
            ],
            "cpu_core_count": 1,
            "cpu_threads_per_core": 1,
            "credit_specification": [
              {
                "cpu_credits": "standard"
              }
            ],
            "disable_api_termination": false,
            "ebs_block_device": [],
            "ebs_optimized": false,
            "enclave_options": [
              {
                "enabled": false
              }
            ],
            "ephemeral_block_device": [],
            "get_password_data": false,
            "hibernation": false,
            "host_id": null,
            "iam_instance_profile": "",
            "id": "i-0e7ad64d29c7b7957",
            "instance_initiated_shutdown_behavior": "stop",
            "instance_state": "running",
            "instance_type": "t2.micro",
            "ipv6_address_count": 0,
            "ipv6_addresses": [],
            "key_name": "terraform-key",
            "launch_template": [],
            "metadata_options": [
              {
                "http_endpoint": "enabled",
                "http_put_response_hop_limit": 1,
                "http_tokens": "optional"
              }
            ],
            "monitoring": false,
            "network_interface": [],
            "outpost_arn": "",
            "password_data": "",
            "placement_group": "",
            "primary_network_interface_id": "eni-03b5fffc750de62d1",
            "private_dns": "ip-172-31-36-75.ap-south-1.compute.internal",
            "private_ip": "172.31.36.75",
            "public_dns": "ec2-13-234-17-64.ap-south-1.compute.amazonaws.com",
            "public_ip": "13.234.17.64",
            "root_block_device": [
              {
                "delete_on_termination": true,
                "device_name": "/dev/xvda",
                "encrypted": false,
                "iops": 100,
                "kms_key_id": "",
                "tags": {},
                "throughput": 0,
                "volume_id": "vol-06697c77ac4a68c97",
                "volume_size": 8,
                "volume_type": "gp2"
              }
            ],
            "secondary_private_ips": [],
            "security_groups": [
              "terraform-ec2-sg"
            ],
            "source_dest_check": true,
            "subnet_id": "subnet-09d58d61",
            "tags": {
              "Name": "Terraform-ec2"
            },
            "tags_all": {
              "Name": "Terraform-ec2"
            },
            "tenancy": "default",
            "timeouts": null,
            "user_data": null,
            "user_data_base64": null,
            "volume_tags": null,
            "vpc_security_group_ids": [
              "sg-0a3797bf6e27a6aa5"
            ]
          },
          "sensitive_attributes": [],
          "private": "eyJlMmJmYjczMC1lY2FhLTExZTYtOGY4OC0zNDM2M2JjN2M0YzAiOnsiY3JlYXRlIjo2MDAwMDAwMDAwMDAsImRlbGV0ZSI6MTIwMDAwMDAwMDAwMCwidXBkYXRlIjo2MDAwMDAwMDAwMDB9LCJzY2hlbWFfdmVyc2lvbiI6IjEifQ==",
          "dependencies": [
            "aws_security_group.terraform-ec2-sg"
          ]
        }
      ]
    },
    {
      "mode": "managed",
      "type": "aws_key_pair",
      "name": "terraform-aws",
      "provider": "provider[\"registry.terraform.io/hashicorp/aws\"]",
      "instances": [
        {
          "schema_version": 1,
          "attributes": {
            "arn": "arn:aws:ec2:ap-south-1:014357505841:key-pair/terraform-key",
            "fingerprint": "9a:71:cb:d4:5f:40:72:e6:63:96:84:20:ce:0c:af:a8",
            "id": "terraform-key",
            "key_name": "terraform-key",
            "key_name_prefix": null,
            "key_pair_id": "key-04a6608ecfa78a5c4",
            "public_key": "ssh-rsa AAAAB3NzaC1yc2EAAAADAQABAAABgQC1Z3VqX1ltmfT8OSYqC+brVNJogk8I0xv990oZ/t82pzo2QUOu5HU7TumpXFc2ICtWG42aiy4XUJfYAZhHcmT+ylXo/sYdY08ZnZiKsfzn40LfaLHZQdaD3xUVcCgwVciI+kWrOrRXPYMEXX/vIEEhMjuKoI9lXGXtj8EPV5jVn83FFpQCoPGhOZgGu9cAxpHGtX9VYnv2oK4rJdx0K3uXHefSA0B+hu6Dfx9KITYTGxRPVBVe0KVKnGClivYVJqj1FBxIxrLoOMpPsKDW4128Ucj0xh3GFgOyT2EFbjFQSwIh8Mh9cnyIjyn2ZY+CAT9stDntzOw2i9dCESCCkDxHeSE3agwwEnRLWM/SaNarWvxoT2J4rTP3yYMHkpq6jyPwz2cEoHh6xDm9dsEuqFna7kHVYkCmgNpLlhXFjCL6zYLz+7PNvgRDvltnCt0bvROX68HlEk4TjE3wl0a1esXMmGsN8N18PwLoTr9tQzK61X1S4kfCxDv8KzM6/YK8KCc= yaseen@DarkRose",
            "tags": {},
            "tags_all": {}
          },
          "sensitive_attributes": [],
          "private": "eyJzY2hlbWFfdmVyc2lvbiI6IjEifQ=="
        }
      ]
    },
    {
      "mode": "managed",
      "type": "aws_security_group",
      "name": "terraform-ec2-sg",
      "provider": "provider[\"registry.terraform.io/hashicorp/aws\"]",
      "instances": [
        {
          "schema_version": 1,
          "attributes": {
            "arn": "arn:aws:ec2:ap-south-1:014357505841:security-group/sg-0a3797bf6e27a6aa5",
            "description": "Terraform-SG",
            "egress": [
              {
                "cidr_blocks": [
                  "0.0.0.0/0"
                ],
                "description": "ssh",
                "from_port": 22,
                "ipv6_cidr_blocks": [],
                "prefix_list_ids": [],
                "protocol": "tcp",
                "security_groups": [],
                "self": false,
                "to_port": 22
              }
            ],
            "id": "sg-0a3797bf6e27a6aa5",
            "ingress": [
              {
                "cidr_blocks": [
                  "0.0.0.0/0"
                ],
                "description": "SSH",
                "from_port": 22,
                "ipv6_cidr_blocks": [],
                "prefix_list_ids": [],
                "protocol": "tcp",
                "security_groups": [],
                "self": false,
                "to_port": 22
              }
            ],
            "name": "terraform-ec2-sg",
            "name_prefix": "",
            "owner_id": "014357505841",
            "revoke_rules_on_delete": false,
            "tags": {},
            "tags_all": {},
            "timeouts": null,
            "vpc_id": "vpc-138fbc7b"
          },
          "sensitive_attributes": [],
          "private": "eyJlMmJmYjczMC1lY2FhLTExZTYtOGY4OC0zNDM2M2JjN2M0YzAiOnsiY3JlYXRlIjo2MDAwMDAwMDAwMDAsImRlbGV0ZSI6OTAwMDAwMDAwMDAwfSwic2NoZW1hX3ZlcnNpb24iOiIxIn0="
        }
      ]
    }
  ]
}
